
Microsoft Visual Studio Solution File, Format Version 12.00
# Visual Studio Version 17
VisualStudioVersion = 17.4.33205.214
MinimumVisualStudioVersion = 10.0.40219.1
Project("{FAE04EC0-301F-11D3-BF4B-00C04F79EFBC}") = "MysteryInjector", "MysteryInjector.csproj", "{06AFDC49-203F-4F9A-96D9-33EAD40AF8AD}"
EndProject
Global
	GlobalSection(SolutionConfigurationPlatforms) = preSolution
		Debug|Any CPU = Debug|Any CPU
		Release|Any CPU = Release|Any CPU
	EndGlobalSection
	GlobalSection(ProjectConfigurationPlatforms) = postSolution
		{06AFDC49-203F-4F9A-96D9-33EAD40AF8AD}.Debug|Any CPU.ActiveCfg = Debug|Any CPU
		{06AFDC49-203F-4F9A-96D9-33EAD40AF8AD}.Debug|Any CPU.Build.0 = Debug|Any CPU
		{06AFDC49-203F-4F9A-96D9-33EAD40AF8AD}.Release|Any CPU.ActiveCfg = Release|Any CPU
		{06AFDC49-203F-4F9A-96D9-33EAD40AF8AD}.Release|Any CPU.Build.0 = Release|Any CPU
	EndGlobalSection
	GlobalSection(SolutionProperties) = preSolution
		HideSolutionNode = FALSE
	EndGlobalSection
	GlobalSection(ExtensibilityGlobals) = postSolution
		SolutionGuid = {934B6DE8-B9BA-4A8C-8AE2-EB28B87F589D}
	EndGlobalSection
EndGlobal
