
Microsoft Visual Studio Solution File, Format Version 12.00
# Visual Studio Version 17
VisualStudioVersion = 17.9.34902.65
MinimumVisualStudioVersion = 10.0.40219.1
Project("{FAE04EC0-301F-11D3-BF4B-00C04F79EFBC}") = "MysteryMemeware", "MysteryMemeware.csproj", "{C21C7063-96CD-4011-907A-A7B08AC03B50}"
EndProject
Global
	GlobalSection(SolutionConfigurationPlatforms) = preSolution
		Debug|Any CPU = Debug|Any CPU
		Release|Any CPU = Release|Any CPU
	EndGlobalSection
	GlobalSection(ProjectConfigurationPlatforms) = postSolution
		{C21C7063-96CD-4011-907A-A7B08AC03B50}.Debug|Any CPU.ActiveCfg = Debug|Any CPU
		{C21C7063-96CD-4011-907A-A7B08AC03B50}.Debug|Any CPU.Build.0 = Debug|Any CPU
		{C21C7063-96CD-4011-907A-A7B08AC03B50}.Release|Any CPU.ActiveCfg = Release|Any CPU
		{C21C7063-96CD-4011-907A-A7B08AC03B50}.Release|Any CPU.Build.0 = Release|Any CPU
	EndGlobalSection
	GlobalSection(SolutionProperties) = preSolution
		HideSolutionNode = FALSE
	EndGlobalSection
	GlobalSection(ExtensibilityGlobals) = postSolution
		SolutionGuid = {EF47DE2E-67C9-4A00-BC77-459524301A6C}
	EndGlobalSection
EndGlobal
