
Microsoft Visual Studio Solution File, Format Version 12.00
# Visual Studio Version 17
VisualStudioVersion = 17.9.34902.65
MinimumVisualStudioVersion = 10.0.40219.1
Project("{FAE04EC0-301F-11D3-BF4B-00C04F79EFBC}") = "MysteryExperience", "MysteryExperience\MysteryExperience.csproj", "{F1F952CB-68B8-4E53-9208-9BB9F01DC8CB}"
	ProjectSection(ProjectDependencies) = postProject
		{9106952F-73C4-40DC-B88D-3254E1A0B5CF} = {9106952F-73C4-40DC-B88D-3254E1A0B5CF}
	EndProjectSection
EndProject
Project("{FAE04EC0-301F-11D3-BF4B-00C04F79EFBC}") = "MysteryInstaller", "MysteryInstaller\MysteryInstaller.csproj", "{B2AC7315-A22E-44F5-849F-E74700DE40FD}"
	ProjectSection(ProjectDependencies) = postProject
		{9106952F-73C4-40DC-B88D-3254E1A0B5CF} = {9106952F-73C4-40DC-B88D-3254E1A0B5CF}
		{F1F952CB-68B8-4E53-9208-9BB9F01DC8CB} = {F1F952CB-68B8-4E53-9208-9BB9F01DC8CB}
	EndProjectSection
EndProject
Project("{FAE04EC0-301F-11D3-BF4B-00C04F79EFBC}") = "MysteryHelper", "MysteryHelper\MysteryHelper.csproj", "{9106952F-73C4-40DC-B88D-3254E1A0B5CF}"
EndProject
Global
	GlobalSection(SolutionConfigurationPlatforms) = preSolution
		Debug|Any CPU = Debug|Any CPU
		Release|Any CPU = Release|Any CPU
	EndGlobalSection
	GlobalSection(ProjectConfigurationPlatforms) = postSolution
		{F1F952CB-68B8-4E53-9208-9BB9F01DC8CB}.Debug|Any CPU.ActiveCfg = Debug|Any CPU
		{F1F952CB-68B8-4E53-9208-9BB9F01DC8CB}.Debug|Any CPU.Build.0 = Debug|Any CPU
		{F1F952CB-68B8-4E53-9208-9BB9F01DC8CB}.Release|Any CPU.ActiveCfg = Release|Any CPU
		{F1F952CB-68B8-4E53-9208-9BB9F01DC8CB}.Release|Any CPU.Build.0 = Release|Any CPU
		{B2AC7315-A22E-44F5-849F-E74700DE40FD}.Debug|Any CPU.ActiveCfg = Debug|Any CPU
		{B2AC7315-A22E-44F5-849F-E74700DE40FD}.Debug|Any CPU.Build.0 = Debug|Any CPU
		{B2AC7315-A22E-44F5-849F-E74700DE40FD}.Release|Any CPU.ActiveCfg = Release|Any CPU
		{B2AC7315-A22E-44F5-849F-E74700DE40FD}.Release|Any CPU.Build.0 = Release|Any CPU
		{9106952F-73C4-40DC-B88D-3254E1A0B5CF}.Debug|Any CPU.ActiveCfg = Debug|Any CPU
		{9106952F-73C4-40DC-B88D-3254E1A0B5CF}.Debug|Any CPU.Build.0 = Debug|Any CPU
		{9106952F-73C4-40DC-B88D-3254E1A0B5CF}.Release|Any CPU.ActiveCfg = Release|Any CPU
		{9106952F-73C4-40DC-B88D-3254E1A0B5CF}.Release|Any CPU.Build.0 = Release|Any CPU
	EndGlobalSection
	GlobalSection(SolutionProperties) = preSolution
		HideSolutionNode = FALSE
	EndGlobalSection
	GlobalSection(ExtensibilityGlobals) = postSolution
		SolutionGuid = {CDBCAABA-346D-4124-B29F-CE87E63C7416}
	EndGlobalSection
EndGlobal
